{
  "requires": true,
  "lockfileVersion": 1,
  "dependencies": {
    "eventemitter3": {
      "version": "4.0.7",
      "resolved": "https://registry.npmjs.org/eventemitter3/-/eventemitter3-4.0.7.tgz",
      "integrity": "sha512-8guHBZCwKnFhYdHr2ysuRWErTwhoN2X8XELRlrRwpmfeY2jjuUN4taQMsULKUVo1K4DvZl+0pgfyoysHxvmvEw=="
    },
    "hls.js": {
      "version": "0.14.17",
      "resolved": "https://registry.npmjs.org/hls.js/-/hls.js-0.14.17.tgz",
      "integrity": "sha512-25A7+m6qqp6UVkuzUQ//VVh2EEOPYlOBg32ypr34bcPO7liBMOkKFvbjbCBfiPAOTA/7BSx1Dujft3Th57WyFg==",
      "requires": {
        "eventemitter3": "^4.0.3",
        "url-toolkit": "^2.1.6"
      }
    },
    "url-toolkit": {
      "version": "2.2.1",
      "resolved": "https://registry.npmjs.org/url-toolkit/-/url-toolkit-2.2.1.tgz",
      "integrity": "sha512-8+DzgrtDZYZGhHaAop5WGVghMdCfOLGbhcArsJD0qDll71FXa7EeKxi2hilPIscn2nwMz4PRjML32Sz4JTN0Xw=="
    }
  }
}
